<Project xmlns="http://schemas.microsoft.com/developer/msbuild/2003">
    <PropertyGroup>
        <ProjectGuid>{B7E4A2F1-3C8D-4E5A-9F6B-1D2E3F4A5B6C}</ProjectGuid>
        <ProjectVersion>20.3</ProjectVersion>
        <FrameworkType>VCL</FrameworkType>
        <MainSource>Glimpse.dpr</MainSource>
        <Base>True</Base>
        <Config Condition="'$(Config)'==''">Debug</Config>
        <Platform Condition="'$(Platform)'==''">Win64</Platform>
        <TargetedPlatforms>3</TargetedPlatforms>
        <AppType>Library</AppType>
        <ProjectName Condition="'$(ProjectName)'==''">Glimpse</ProjectName>
    </PropertyGroup>
    <PropertyGroup Condition="'$(Config)'=='Base' or '$(Base)'!=''">
        <Base>true</Base>
    </PropertyGroup>
    <PropertyGroup Condition="'$(Config)'=='Debug' or '$(Cfg_1)'!=''">
        <Cfg_1>true</Cfg_1>
        <CfgParent>Base</CfgParent>
        <Base>true</Base>
        <DCC_Define>DEBUG;$(DCC_Define)</DCC_Define>
    </PropertyGroup>
    <PropertyGroup Condition="('$(Platform)'=='Win64' and '$(Cfg_1)'=='true') or '$(Cfg_1_Win64)'!=''">
        <Cfg_1_Win64>true</Cfg_1_Win64>
        <CfgParent>Cfg_1</CfgParent>
        <Cfg_1>true</Cfg_1>
        <Base>true</Base>
    </PropertyGroup>
    <PropertyGroup Condition="'$(Config)'=='Release' or '$(Cfg_2)'!=''">
        <Cfg_2>true</Cfg_2>
        <CfgParent>Base</CfgParent>
        <Base>true</Base>
    </PropertyGroup>
    <PropertyGroup Condition="('$(Platform)'=='Win64' and '$(Cfg_2)'=='true') or '$(Cfg_2_Win64)'!=''">
        <Cfg_2_Win64>true</Cfg_2_Win64>
        <CfgParent>Cfg_2</CfgParent>
        <Cfg_2>true</Cfg_2>
        <Base>true</Base>
    </PropertyGroup>
    <PropertyGroup Condition="'$(Base)'!=''">
        <GenDll>true</GenDll>
        <SanitizedProjectName>Glimpse</SanitizedProjectName>
        <DCC_ExeOutput>.\$(Platform)\$(Config)</DCC_ExeOutput>
        <DCC_DcuOutput>.\$(Platform)\$(Config)\dcu</DCC_DcuOutput>
        <DCC_UnitSearchPath>..\src;$(DCC_UnitSearchPath)</DCC_UnitSearchPath>
    </PropertyGroup>
    <PropertyGroup Condition="'$(Cfg_1_Win64)'!=''">
        <Debugger_HostApplication>D:\DSHELL\TOTALCMD64.EXE</Debugger_HostApplication>
        <Debugger_RunParams>/i=%commander_path%\debug.ini</Debugger_RunParams>
    </PropertyGroup>
    <PropertyGroup Condition="'$(Cfg_2_Win64)'!=''">
        <DCC_AssertionsAtRuntime>false</DCC_AssertionsAtRuntime>
        <DCC_DebugInformation>0</DCC_DebugInformation>
        <DCC_LocalDebugSymbols>false</DCC_LocalDebugSymbols>
        <DCC_SymbolReferenceInfo>0</DCC_SymbolReferenceInfo>
        <DCC_ImportedDataReferences>false</DCC_ImportedDataReferences>
        <VerInfo_Locale>1049</VerInfo_Locale>
        <Manifest_File>(None)</Manifest_File>
        <AppDPIAwarenessMode>none</AppDPIAwarenessMode>
    </PropertyGroup>
    <ItemGroup>
        <DelphiCompile Include="$(MainSource)">
            <MainSource>MainSource</MainSource>
        </DelphiCompile>
        <DCCReference Include="..\src\uTypes.pas"/>
        <DCCReference Include="..\src\uDefaults.pas"/>
        <DCCReference Include="uWlxAPI.pas"/>
        <DCCReference Include="uPluginExports.pas"/>
        <DCCReference Include="..\src\uSettings.pas"/>
        <DCCReference Include="..\src\uFrameOffsets.pas"/>
        <DCCReference Include="..\src\uFFmpegLocator.pas"/>
        <DCCReference Include="..\src\uFFmpegExe.pas"/>
        <DCCReference Include="uFrameView.pas"/>
        <DCCReference Include="..\src\uExtractionWorker.pas"/>
        <DCCReference Include="uPluginForm.pas"/>
        <DCCReference Include="..\src\uDebugLog.pas"/>
        <DCCReference Include="..\src\uCache.pas"/>
        <DCCReference Include="..\src\uCacheKey.pas"/>
        <DCCReference Include="..\src\uProbeCache.pas"/>
        <DCCReference Include="uSettingsDlg.pas">
            <Form>SettingsForm</Form>
        </DCCReference>
        <DCCReference Include="uCaptureShortcutDlg.pas">
            <Form>ShortcutEditorForm</Form>
        </DCCReference>
        <DCCReference Include="..\src\uFrameFileNames.pas"/>
        <DCCReference Include="..\src\uBitmapSaver.pas"/>
        <DCCReference Include="..\src\uClipboardImage.pas"/>
        <DCCReference Include="uZoomController.pas"/>
        <DCCReference Include="uViewModeLogic.pas"/>
        <DCCReference Include="..\src\uExtractionPlanner.pas"/>
        <DCCReference Include="uToolbarLayout.pas"/>
        <DCCReference Include="..\src\uFileNavigator.pas"/>
        <DCCReference Include="..\src\uPathExpand.pas"/>
        <DCCReference Include="..\src\uColorConv.pas"/>
        <DCCReference Include="..\src\uRunProcess.pas"/>
        <DCCReference Include="..\src\uFrameExtractor.pas"/>
        <DCCReference Include="uViewModeLayout.pas"/>
        <DCCReference Include="uFrameExport.pas"/>
        <DCCReference Include="uExtractionController.pas"/>
        <DCCReference Include="..\src\uCombinedImage.pas"/>
        <DCCReference Include="..\src\uBitmapResize.pas"/>
        <DCCReference Include="..\src\uThumbnailRender.pas"/>
        <DCCReference Include="..\src\uSettingsDlgLogic.pas"/>
        <DCCReference Include="..\src\uSettingsDlgUI.pas"/>
        <BuildConfiguration Include="Base">
            <Key>Base</Key>
        </BuildConfiguration>
        <BuildConfiguration Include="Debug">
            <Key>Cfg_1</Key>
            <CfgParent>Base</CfgParent>
        </BuildConfiguration>
        <BuildConfiguration Include="Release">
            <Key>Cfg_2</Key>
            <CfgParent>Base</CfgParent>
        </BuildConfiguration>
    </ItemGroup>
    <ProjectExtensions>
        <Borland.Personality>Delphi.Personality.12</Borland.Personality>
        <Borland.ProjectType>LibraryType</Borland.ProjectType>
        <BorlandProject>
            <Delphi.Personality>
                <Excluded_Packages>
                    <Excluded_Packages Name="$(BDSBIN)\dcloffice2k280.bpl">Microsoft Office 2000 Sample Automation Server Wrapper Components</Excluded_Packages>
                    <Excluded_Packages Name="$(BDSBIN)\dclofficexp280.bpl">Microsoft Office XP Sample Automation Server Wrapper Components</Excluded_Packages>
                </Excluded_Packages>
                <Source>
                    <Source Name="MainSource">Glimpse.dpr</Source>
                </Source>
            </Delphi.Personality>
            <Platforms>
                <Platform value="Win32">True</Platform>
                <Platform value="Win64">True</Platform>
            </Platforms>
        </BorlandProject>
        <ProjectFileVersion>12</ProjectFileVersion>
    </ProjectExtensions>
    <Import Project="$(BDS)\Bin\CodeGear.Delphi.Targets" Condition="Exists('$(BDS)\Bin\CodeGear.Delphi.Targets')"/>
    <Import Project="$(APPDATA)\Embarcadero\$(BDSAPPDATABASEDIR)\$(PRODUCTVERSION)\UserTools.proj" Condition="Exists('$(APPDATA)\Embarcadero\$(BDSAPPDATABASEDIR)\$(PRODUCTVERSION)\UserTools.proj')"/>
</Project>
