<Project xmlns="http://schemas.microsoft.com/developer/msbuild/2003">
    <PropertyGroup>
        <ProjectGuid>{C8F5B3E2-6D9A-4F7B-A0C1-3E4F5A6B7C8D}</ProjectGuid>
        <ProjectVersion>20.3</ProjectVersion>
        <FrameworkType>VCL</FrameworkType>
        <MainSource>Glimpse.dpr</MainSource>
        <Base>True</Base>
        <Config Condition="'$(Config)'==''">Debug</Config>
        <Platform Condition="'$(Platform)'==''">Win64</Platform>
        <TargetedPlatforms>3</TargetedPlatforms>
        <AppType>Library</AppType>
        <ProjectName Condition="'$(ProjectName)'==''">Glimpse</ProjectName>
    </PropertyGroup>
    <PropertyGroup Condition="'$(Config)'=='Base' or '$(Base)'!=''">
        <Base>true</Base>
    </PropertyGroup>
    <PropertyGroup Condition="'$(Config)'=='Debug' or '$(Cfg_1)'!=''">
        <Cfg_1>true</Cfg_1>
        <CfgParent>Base</CfgParent>
        <Base>true</Base>
        <DCC_Define>DEBUG;$(DCC_Define)</DCC_Define>
    </PropertyGroup>
    <PropertyGroup Condition="('$(Platform)'=='Win64' and '$(Cfg_1)'=='true') or '$(Cfg_1_Win64)'!=''">
        <Cfg_1_Win64>true</Cfg_1_Win64>
        <CfgParent>Cfg_1</CfgParent>
        <Cfg_1>true</Cfg_1>
        <Base>true</Base>
    </PropertyGroup>
    <PropertyGroup Condition="'$(Config)'=='Release' or '$(Cfg_2)'!=''">
        <Cfg_2>true</Cfg_2>
        <CfgParent>Base</CfgParent>
        <Base>true</Base>
    </PropertyGroup>
    <PropertyGroup Condition="'$(Base)'!=''">
        <GenDll>true</GenDll>
        <SanitizedProjectName>Glimpse</SanitizedProjectName>
    </PropertyGroup>
    <PropertyGroup Condition="'$(Base)'=='true'">
        <DCC_ExeOutput>.\$(Platform)\$(Config)</DCC_ExeOutput>
        <DCC_DcuOutput>.\$(Platform)\$(Config)\dcu</DCC_DcuOutput>
        <DCC_UnitSearchPath>..\src;$(DCC_UnitSearchPath)</DCC_UnitSearchPath>
    </PropertyGroup>
    <ItemGroup>
        <DelphiCompile Include="$(MainSource)">
            <MainSource>MainSource</MainSource>
        </DelphiCompile>
        <DCCReference Include="uWcxAPI.pas"/>
        <DCCReference Include="uWcxExports.pas"/>
        <DCCReference Include="uWcxSettings.pas"/>
        <DCCReference Include="..\src\uTypes.pas"/>
        <DCCReference Include="..\src\uFrameOffsets.pas"/>
        <DCCReference Include="..\src\uFFmpegLocator.pas"/>
        <DCCReference Include="..\src\uFFmpegExe.pas"/>
        <DCCReference Include="..\src\uDebugLog.pas"/>
        <DCCReference Include="..\src\uCache.pas"/>
        <DCCReference Include="..\src\uFrameFileNames.pas"/>
        <DCCReference Include="..\src\uBitmapSaver.pas"/>
        <DCCReference Include="..\src\uExtractionPlanner.pas"/>
        <DCCReference Include="..\src\uPathExpand.pas"/>
        <DCCReference Include="..\src\uColorConv.pas"/>
        <DCCReference Include="..\src\uRunProcess.pas"/>
        <DCCReference Include="..\src\uFrameExtractor.pas"/>
        <DCCReference Include="..\src\uSettings.pas"/>
        <BuildConfiguration Include="Base">
            <Key>Base</Key>
        </BuildConfiguration>
        <BuildConfiguration Include="Debug">
            <Key>Cfg_1</Key>
            <CfgParent>Base</CfgParent>
        </BuildConfiguration>
        <BuildConfiguration Include="Release">
            <Key>Cfg_2</Key>
            <CfgParent>Base</CfgParent>
        </BuildConfiguration>
    </ItemGroup>
    <ProjectExtensions>
        <Borland.Personality>Delphi.Personality.12</Borland.Personality>
        <Borland.ProjectType>LibraryType</Borland.ProjectType>
        <BorlandProject>
            <Delphi.Personality>
                <Excluded_Packages/>
                <Source>
                    <Source Name="MainSource">Glimpse.dpr</Source>
                </Source>
            </Delphi.Personality>
            <Platforms>
                <Platform value="Win32">True</Platform>
                <Platform value="Win64">True</Platform>
            </Platforms>
        </BorlandProject>
        <ProjectFileVersion>12</ProjectFileVersion>
    </ProjectExtensions>
    <Import Project="$(BDS)\Bin\CodeGear.Delphi.Targets" Condition="Exists('$(BDS)\Bin\CodeGear.Delphi.Targets')"/>
    <Import Project="$(APPDATA)\Embarcadero\$(BDSAPPDATABASEDIR)\$(PRODUCTVERSION)\UserTools.proj" Condition="Exists('$(APPDATA)\Embarcadero\$(BDSAPPDATABASEDIR)\$(PRODUCTVERSION)\UserTools.proj')"/>
</Project>
